# THIS IS AN AUTOGENERATED FILE. DO NOT EDIT THIS FILE DIRECTLY.
# yarn lockfile v1


view-observer@^0.3.1:
  version "0.3.1"
  resolved "https://registry.yarnpkg.com/view-observer/-/view-observer-0.3.1.tgz#2137f8936da1989a9a92852ccce948c2d7cb716e"
  integrity sha512-/Ai3kcNKA6BO1PzABwO80kjikgX4qEf/234/hBJLagW4EFuxu4bqcGPKonW9uTlNUnMDAM0HHCxnNs/drp7VOQ==
